
Microsoft Visual Studio Solution File, Format Version 12.00
# Visual Studio 15
VisualStudioVersion = 15.0.26124.0
MinimumVisualStudioVersion = 15.0.26124.0
Project("{FAE04EC0-301F-11D3-BF4B-00C04F79EFBC}") = "PrimeiroService", "PrimeiroService\PrimeiroService.csproj", "{E01DFB2B-FB50-4DEC-B69B-1D57B4A5F809}"
EndProject
Project("{FAE04EC0-301F-11D3-BF4B-00C04F79EFBC}") = "PrimeService.Tests", "PrimeService.Tests\PrimeService.Tests.csproj", "{2EAC78D8-F487-4F98-9EC2-698DE33B10BF}"
EndProject
Global
	GlobalSection(SolutionConfigurationPlatforms) = preSolution
		Debug|Any CPU = Debug|Any CPU
		Debug|x64 = Debug|x64
		Debug|x86 = Debug|x86
		Release|Any CPU = Release|Any CPU
		Release|x64 = Release|x64
		Release|x86 = Release|x86
	EndGlobalSection
	GlobalSection(SolutionProperties) = preSolution
		HideSolutionNode = FALSE
	EndGlobalSection
	GlobalSection(ProjectConfigurationPlatforms) = postSolution
		{E01DFB2B-FB50-4DEC-B69B-1D57B4A5F809}.Debug|Any CPU.ActiveCfg = Debug|Any CPU
		{E01DFB2B-FB50-4DEC-B69B-1D57B4A5F809}.Debug|Any CPU.Build.0 = Debug|Any CPU
		{E01DFB2B-FB50-4DEC-B69B-1D57B4A5F809}.Debug|x64.ActiveCfg = Debug|Any CPU
		{E01DFB2B-FB50-4DEC-B69B-1D57B4A5F809}.Debug|x64.Build.0 = Debug|Any CPU
		{E01DFB2B-FB50-4DEC-B69B-1D57B4A5F809}.Debug|x86.ActiveCfg = Debug|Any CPU
		{E01DFB2B-FB50-4DEC-B69B-1D57B4A5F809}.Debug|x86.Build.0 = Debug|Any CPU
		{E01DFB2B-FB50-4DEC-B69B-1D57B4A5F809}.Release|Any CPU.ActiveCfg = Release|Any CPU
		{E01DFB2B-FB50-4DEC-B69B-1D57B4A5F809}.Release|Any CPU.Build.0 = Release|Any CPU
		{E01DFB2B-FB50-4DEC-B69B-1D57B4A5F809}.Release|x64.ActiveCfg = Release|Any CPU
		{E01DFB2B-FB50-4DEC-B69B-1D57B4A5F809}.Release|x64.Build.0 = Release|Any CPU
		{E01DFB2B-FB50-4DEC-B69B-1D57B4A5F809}.Release|x86.ActiveCfg = Release|Any CPU
		{E01DFB2B-FB50-4DEC-B69B-1D57B4A5F809}.Release|x86.Build.0 = Release|Any CPU
		{2EAC78D8-F487-4F98-9EC2-698DE33B10BF}.Debug|Any CPU.ActiveCfg = Debug|Any CPU
		{2EAC78D8-F487-4F98-9EC2-698DE33B10BF}.Debug|Any CPU.Build.0 = Debug|Any CPU
		{2EAC78D8-F487-4F98-9EC2-698DE33B10BF}.Debug|x64.ActiveCfg = Debug|Any CPU
		{2EAC78D8-F487-4F98-9EC2-698DE33B10BF}.Debug|x64.Build.0 = Debug|Any CPU
		{2EAC78D8-F487-4F98-9EC2-698DE33B10BF}.Debug|x86.ActiveCfg = Debug|Any CPU
		{2EAC78D8-F487-4F98-9EC2-698DE33B10BF}.Debug|x86.Build.0 = Debug|Any CPU
		{2EAC78D8-F487-4F98-9EC2-698DE33B10BF}.Release|Any CPU.ActiveCfg = Release|Any CPU
		{2EAC78D8-F487-4F98-9EC2-698DE33B10BF}.Release|Any CPU.Build.0 = Release|Any CPU
		{2EAC78D8-F487-4F98-9EC2-698DE33B10BF}.Release|x64.ActiveCfg = Release|Any CPU
		{2EAC78D8-F487-4F98-9EC2-698DE33B10BF}.Release|x64.Build.0 = Release|Any CPU
		{2EAC78D8-F487-4F98-9EC2-698DE33B10BF}.Release|x86.ActiveCfg = Release|Any CPU
		{2EAC78D8-F487-4F98-9EC2-698DE33B10BF}.Release|x86.Build.0 = Release|Any CPU
	EndGlobalSection
EndGlobal
